
Microsoft Visual Studio Solution File, Format Version 12.00
# Visual Studio Version 17
VisualStudioVersion = 17.9.34607.119
MinimumVisualStudioVersion = 10.0.40219.1
Project("{9A19103F-16F7-4668-BE54-9A1E7A4F7556}") = "SFML_Game_Loop", "SFML_Game_Loop.csproj", "{F23DF8D4-2FA6-4427-8166-767331B41A03}"
EndProject
Global
	GlobalSection(SolutionConfigurationPlatforms) = preSolution
		Debug|Any CPU = Debug|Any CPU
		Release|Any CPU = Release|Any CPU
	EndGlobalSection
	GlobalSection(ProjectConfigurationPlatforms) = postSolution
		{F23DF8D4-2FA6-4427-8166-767331B41A03}.Debug|Any CPU.ActiveCfg = Debug|Any CPU
		{F23DF8D4-2FA6-4427-8166-767331B41A03}.Debug|Any CPU.Build.0 = Debug|Any CPU
		{F23DF8D4-2FA6-4427-8166-767331B41A03}.Release|Any CPU.ActiveCfg = Release|Any CPU
		{F23DF8D4-2FA6-4427-8166-767331B41A03}.Release|Any CPU.Build.0 = Release|Any CPU
	EndGlobalSection
	GlobalSection(SolutionProperties) = preSolution
		HideSolutionNode = FALSE
	EndGlobalSection
	GlobalSection(ExtensibilityGlobals) = postSolution
		SolutionGuid = {9C826C1F-5762-49D9-8756-26F5CBF1E066}
	EndGlobalSection
EndGlobal
